
Microsoft Visual Studio Solution File, Format Version 12.00
# Visual Studio 2015
Project("{FAE04EC0-301F-11D3-BF4B-00C04F79EFBC}") = "Game jame imie", "Game jame imie.csproj", "{9603394E-A5C2-E46E-4D68-22CA97307801}"
EndProject
Global
	GlobalSection(SolutionConfigurationPlatforms) = preSolution
		Debug|Any CPU = Debug|Any CPU
		Release|Any CPU = Release|Any CPU
	EndGlobalSection
	GlobalSection(ProjectConfigurationPlatforms) = postSolution
		{9603394E-A5C2-E46E-4D68-22CA97307801}.Debug|Any CPU.ActiveCfg = Debug|Any CPU
		{9603394E-A5C2-E46E-4D68-22CA97307801}.Debug|Any CPU.Build.0 = Debug|Any CPU
		{9603394E-A5C2-E46E-4D68-22CA97307801}.Release|Any CPU.ActiveCfg = Release|Any CPU
		{9603394E-A5C2-E46E-4D68-22CA97307801}.Release|Any CPU.Build.0 = Release|Any CPU
	EndGlobalSection
	GlobalSection(SolutionProperties) = preSolution
		HideSolutionNode = FALSE
	EndGlobalSection
EndGlobal
